
Microsoft Visual Studio Solution File, Format Version 12.00
# Visual Studio 14
VisualStudioVersion = 14.0.25420.1
MinimumVisualStudioVersion = 10.0.40219.1
Project("{FAE04EC0-301F-11D3-BF4B-00C04F79EFBC}") = "ProductAPI_Client", "ProductAPI_Client\ProductAPI_Client.csproj", "{79C8061F-4961-4E39-8B61-30A7BAFB068B}"
EndProject
Global
	GlobalSection(SolutionConfigurationPlatforms) = preSolution
		Debug|Any CPU = Debug|Any CPU
		Release|Any CPU = Release|Any CPU
	EndGlobalSection
	GlobalSection(ProjectConfigurationPlatforms) = postSolution
		{79C8061F-4961-4E39-8B61-30A7BAFB068B}.Debug|Any CPU.ActiveCfg = Debug|Any CPU
		{79C8061F-4961-4E39-8B61-30A7BAFB068B}.Debug|Any CPU.Build.0 = Debug|Any CPU
		{79C8061F-4961-4E39-8B61-30A7BAFB068B}.Release|Any CPU.ActiveCfg = Release|Any CPU
		{79C8061F-4961-4E39-8B61-30A7BAFB068B}.Release|Any CPU.Build.0 = Release|Any CPU
	EndGlobalSection
	GlobalSection(SolutionProperties) = preSolution
		HideSolutionNode = FALSE
	EndGlobalSection
EndGlobal
